
Microsoft Visual Studio Solution File, Format Version 12.00
# Visual Studio 15
VisualStudioVersion = 15.0.28307.1705
MinimumVisualStudioVersion = 10.0.40219.1
Project("{FAE04EC0-301F-11D3-BF4B-00C04F79EFBC}") = "FED1_LabProject", "FED1_LabProject\FED1_LabProject.csproj", "{4F6E1E91-4913-4143-B82F-26A229906D35}"
EndProject
Global
	GlobalSection(SolutionConfigurationPlatforms) = preSolution
		Debug|Any CPU = Debug|Any CPU
		Release|Any CPU = Release|Any CPU
	EndGlobalSection
	GlobalSection(ProjectConfigurationPlatforms) = postSolution
		{4F6E1E91-4913-4143-B82F-26A229906D35}.Debug|Any CPU.ActiveCfg = Debug|Any CPU
		{4F6E1E91-4913-4143-B82F-26A229906D35}.Debug|Any CPU.Build.0 = Debug|Any CPU
		{4F6E1E91-4913-4143-B82F-26A229906D35}.Release|Any CPU.ActiveCfg = Release|Any CPU
		{4F6E1E91-4913-4143-B82F-26A229906D35}.Release|Any CPU.Build.0 = Release|Any CPU
	EndGlobalSection
	GlobalSection(SolutionProperties) = preSolution
		HideSolutionNode = FALSE
	EndGlobalSection
	GlobalSection(ExtensibilityGlobals) = postSolution
		SolutionGuid = {28ADD090-0B64-4434-A35D-A9007A010B58}
	EndGlobalSection
EndGlobal
